
Microsoft Visual Studio Solution File, Format Version 12.00
# Visual Studio Version 16
VisualStudioVersion = 16.0.30711.63
MinimumVisualStudioVersion = 10.0.40219.1
Project("{FAE04EC0-301F-11D3-BF4B-00C04F79EFBC}") = "Zadatak3", "Zadatak3\Zadatak3.csproj", "{AE48AF71-C0F1-417D-9C5A-B26ED5C6D1DC}"
EndProject
Global
	GlobalSection(SolutionConfigurationPlatforms) = preSolution
		Debug|Any CPU = Debug|Any CPU
		Release|Any CPU = Release|Any CPU
	EndGlobalSection
	GlobalSection(ProjectConfigurationPlatforms) = postSolution
		{AE48AF71-C0F1-417D-9C5A-B26ED5C6D1DC}.Debug|Any CPU.ActiveCfg = Debug|Any CPU
		{AE48AF71-C0F1-417D-9C5A-B26ED5C6D1DC}.Debug|Any CPU.Build.0 = Debug|Any CPU
		{AE48AF71-C0F1-417D-9C5A-B26ED5C6D1DC}.Release|Any CPU.ActiveCfg = Release|Any CPU
		{AE48AF71-C0F1-417D-9C5A-B26ED5C6D1DC}.Release|Any CPU.Build.0 = Release|Any CPU
	EndGlobalSection
	GlobalSection(SolutionProperties) = preSolution
		HideSolutionNode = FALSE
	EndGlobalSection
	GlobalSection(ExtensibilityGlobals) = postSolution
		SolutionGuid = {257FBFA7-FCEC-4BD9-AA7C-E316F90E0281}
	EndGlobalSection
EndGlobal
